
Microsoft Visual Studio Solution File, Format Version 12.00
# Visual Studio Version 16
VisualStudioVersion = 16.0.29215.179
MinimumVisualStudioVersion = 10.0.40219.1
Project("{FAE04EC0-301F-11D3-BF4B-00C04F79EFBC}") = "0930 시험", "0930 시험\0930 시험.csproj", "{07645E61-3EE2-4452-A9DB-71EDCDFC76EA}"
EndProject
Global
	GlobalSection(SolutionConfigurationPlatforms) = preSolution
		Debug|Any CPU = Debug|Any CPU
		Release|Any CPU = Release|Any CPU
	EndGlobalSection
	GlobalSection(ProjectConfigurationPlatforms) = postSolution
		{07645E61-3EE2-4452-A9DB-71EDCDFC76EA}.Debug|Any CPU.ActiveCfg = Debug|Any CPU
		{07645E61-3EE2-4452-A9DB-71EDCDFC76EA}.Debug|Any CPU.Build.0 = Debug|Any CPU
		{07645E61-3EE2-4452-A9DB-71EDCDFC76EA}.Release|Any CPU.ActiveCfg = Release|Any CPU
		{07645E61-3EE2-4452-A9DB-71EDCDFC76EA}.Release|Any CPU.Build.0 = Release|Any CPU
	EndGlobalSection
	GlobalSection(SolutionProperties) = preSolution
		HideSolutionNode = FALSE
	EndGlobalSection
	GlobalSection(ExtensibilityGlobals) = postSolution
		SolutionGuid = {373E7EE6-2A00-40FC-B73C-BB3433BAA1EF}
	EndGlobalSection
EndGlobal
